
Microsoft Visual Studio Solution File, Format Version 12.00
# Visual Studio 15
VisualStudioVersion = 15.0.26124.0
MinimumVisualStudioVersion = 15.0.26124.0
Project("{FAE04EC0-301F-11D3-BF4B-00C04F79EFBC}") = "R5T.Bulgaria.Base.Construction", "R5T.Bulgaria.Base.Construction\R5T.Bulgaria.Base.Construction.csproj", "{ADDBE562-BF13-4C84-957C-4402607C5919}"
EndProject
Project("{FAE04EC0-301F-11D3-BF4B-00C04F79EFBC}") = "R5T.Bulgaria.Base", "R5T.Bulgaria.Base\R5T.Bulgaria.Base.csproj", "{77316CE3-38A8-41B6-A063-3A4FF31C5773}"
EndProject
Global
	GlobalSection(SolutionConfigurationPlatforms) = preSolution
		Debug|Any CPU = Debug|Any CPU
		Debug|x64 = Debug|x64
		Debug|x86 = Debug|x86
		Release|Any CPU = Release|Any CPU
		Release|x64 = Release|x64
		Release|x86 = Release|x86
	EndGlobalSection
	GlobalSection(SolutionProperties) = preSolution
		HideSolutionNode = FALSE
	EndGlobalSection
	GlobalSection(ProjectConfigurationPlatforms) = postSolution
		{ADDBE562-BF13-4C84-957C-4402607C5919}.Debug|Any CPU.ActiveCfg = Debug|Any CPU
		{ADDBE562-BF13-4C84-957C-4402607C5919}.Debug|Any CPU.Build.0 = Debug|Any CPU
		{ADDBE562-BF13-4C84-957C-4402607C5919}.Debug|x64.ActiveCfg = Debug|Any CPU
		{ADDBE562-BF13-4C84-957C-4402607C5919}.Debug|x64.Build.0 = Debug|Any CPU
		{ADDBE562-BF13-4C84-957C-4402607C5919}.Debug|x86.ActiveCfg = Debug|Any CPU
		{ADDBE562-BF13-4C84-957C-4402607C5919}.Debug|x86.Build.0 = Debug|Any CPU
		{ADDBE562-BF13-4C84-957C-4402607C5919}.Release|Any CPU.ActiveCfg = Release|Any CPU
		{ADDBE562-BF13-4C84-957C-4402607C5919}.Release|Any CPU.Build.0 = Release|Any CPU
		{ADDBE562-BF13-4C84-957C-4402607C5919}.Release|x64.ActiveCfg = Release|Any CPU
		{ADDBE562-BF13-4C84-957C-4402607C5919}.Release|x64.Build.0 = Release|Any CPU
		{ADDBE562-BF13-4C84-957C-4402607C5919}.Release|x86.ActiveCfg = Release|Any CPU
		{ADDBE562-BF13-4C84-957C-4402607C5919}.Release|x86.Build.0 = Release|Any CPU
		{77316CE3-38A8-41B6-A063-3A4FF31C5773}.Debug|Any CPU.ActiveCfg = Debug|Any CPU
		{77316CE3-38A8-41B6-A063-3A4FF31C5773}.Debug|Any CPU.Build.0 = Debug|Any CPU
		{77316CE3-38A8-41B6-A063-3A4FF31C5773}.Debug|x64.ActiveCfg = Debug|Any CPU
		{77316CE3-38A8-41B6-A063-3A4FF31C5773}.Debug|x64.Build.0 = Debug|Any CPU
		{77316CE3-38A8-41B6-A063-3A4FF31C5773}.Debug|x86.ActiveCfg = Debug|Any CPU
		{77316CE3-38A8-41B6-A063-3A4FF31C5773}.Debug|x86.Build.0 = Debug|Any CPU
		{77316CE3-38A8-41B6-A063-3A4FF31C5773}.Release|Any CPU.ActiveCfg = Release|Any CPU
		{77316CE3-38A8-41B6-A063-3A4FF31C5773}.Release|Any CPU.Build.0 = Release|Any CPU
		{77316CE3-38A8-41B6-A063-3A4FF31C5773}.Release|x64.ActiveCfg = Release|Any CPU
		{77316CE3-38A8-41B6-A063-3A4FF31C5773}.Release|x64.Build.0 = Release|Any CPU
		{77316CE3-38A8-41B6-A063-3A4FF31C5773}.Release|x86.ActiveCfg = Release|Any CPU
		{77316CE3-38A8-41B6-A063-3A4FF31C5773}.Release|x86.Build.0 = Release|Any CPU
	EndGlobalSection
EndGlobal
